{
    "_readme": [
        "This file locks the dependencies of your project to a known state",
        "Read more about it at http://getcomposer.org/doc/01-basic-usage.md#composer-lock-the-lock-file"
    ],
    "hash": "be77f61278b8f05f4e4d0415937f37d1",
    "packages": [
        {
            "name": "andrewsville/php-token-reflection",
            "version": "1.3.1",
            "source": {
                "type": "git",
                "url": "https://github.com/Andrewsville/PHP-Token-Reflection.git",
                "reference": "3e3a36de17f32889fd2d4b8108af16d3033ce9bf"
            },
            "dist": {
                "type": "zip",
                "url": "https://api.github.com/repos/Andrewsville/PHP-Token-Reflection/zipball/3e3a36de17f32889fd2d4b8108af16d3033ce9bf",
                "reference": "3e3a36de17f32889fd2d4b8108af16d3033ce9bf",
                "shasum": ""
            },
            "require": {
                "php": ">=5.3"
            },
            "type": "library",
            "autoload": {
                "psr-0": {
                    "TokenReflection": "./"
                }
            },
            "notification-url": "https://packagist.org/downloads/",
            "license": [
                "BSD-3"
            ],
            "authors": [
                {
                    "name": "Ondřej Nešpor",
                    "homepage": "https://github.com/Andrewsville"
                },
                {
                    "name": "Jaroslav Hanslík",
                    "homepage": "https://github.com/kukulich"
                }
            ],
            "description": "Library emulating the PHP internal reflection using just the tokenized source code.",
            "homepage": "http://andrewsville.github.com/PHP-Token-Reflection/",
            "keywords": [
                "library",
                "reflection",
                "tokenizer"
            ],
            "time": "2012-08-25 21:26:44"
        },
        {
            "name": "doctrine/annotations",
            "version": "v1.1.2",
            "source": {
                "type": "git",
                "url": "https://github.com/doctrine/annotations.git",
                "reference": "40db0c96985aab2822edbc4848b3bd2429e02670"
            },
            "dist": {
                "type": "zip",
                "url": "https://api.github.com/repos/doctrine/annotations/zipball/40db0c96985aab2822edbc4848b3bd2429e02670",
                "reference": "40db0c96985aab2822edbc4848b3bd2429e02670",
                "shasum": ""
            },
            "require": {
                "doctrine/lexer": "1.*",
                "php": ">=5.3.2"
            },
            "require-dev": {
                "doctrine/cache": "1.*"
            },
            "type": "library",
            "extra": {
                "branch-alias": {
                    "dev-master": "1.0.x-dev"
                }
            },
            "autoload": {
                "psr-0": {
                    "Doctrine\\Common\\Annotations\\": "lib/"
                }
            },
            "notification-url": "https://packagist.org/downloads/",
            "license": [
                "MIT"
            ],
            "authors": [
                {
                    "name": "Jonathan Wage",
                    "email": "jonwage@gmail.com",
                    "homepage": "http://www.jwage.com/",
                    "role": "Creator"
                },
                {
                    "name": "Guilherme Blanco",
                    "email": "guilhermeblanco@gmail.com",
                    "homepage": "http://www.instaclick.com"
                },
                {
                    "name": "Roman Borschel",
                    "email": "roman@code-factory.org"
                },
                {
                    "name": "Benjamin Eberlei",
                    "email": "kontakt@beberlei.de"
                },
                {
                    "name": "Johannes Schmitt",
                    "email": "schmittjoh@gmail.com",
                    "homepage": "http://jmsyst.com",
                    "role": "Developer of wrapped JMSSerializerBundle"
                }
            ],
            "description": "Docblock Annotations Parser",
            "homepage": "http://www.doctrine-project.org",
            "keywords": [
                "annotations",
                "docblock",
                "parser"
            ],
            "time": "2013-06-16 21:33:03"
        },
        {
            "name": "doctrine/lexer",
            "version": "v1.0",
            "source": {
                "type": "git",
                "url": "https://github.com/doctrine/lexer.git",
                "reference": "2f708a85bb3aab5d99dab8be435abd73e0b18acb"
            },
            "dist": {
                "type": "zip",
                "url": "https://api.github.com/repos/doctrine/lexer/zipball/2f708a85bb3aab5d99dab8be435abd73e0b18acb",
                "reference": "2f708a85bb3aab5d99dab8be435abd73e0b18acb",
                "shasum": ""
            },
            "require": {
                "php": ">=5.3.2"
            },
            "type": "library",
            "autoload": {
                "psr-0": {
                    "Doctrine\\Common\\Lexer\\": "lib/"
                }
            },
            "notification-url": "https://packagist.org/downloads/",
            "license": [
                "MIT"
            ],
            "authors": [
                {
                    "name": "Guilherme Blanco",
                    "email": "guilhermeblanco@gmail.com",
                    "homepage": "http://www.instaclick.com"
                },
                {
                    "name": "Roman Borschel",
                    "email": "roman@code-factory.org"
                },
                {
                    "name": "Johannes Schmitt",
                    "email": "schmittjoh@gmail.com",
                    "homepage": "http://jmsyst.com",
                    "role": "Developer of wrapped JMSSerializerBundle"
                }
            ],
            "description": "Base library for a lexer that can be used in Top-Down, Recursive Descent Parsers.",
            "homepage": "http://www.doctrine-project.org",
            "keywords": [
                "lexer",
                "parser"
            ],
            "time": "2013-01-12 18:59:04"
        },
        {
            "name": "fbrnc/Aoe_Scheduler",
            "version": "v0.3.2",
            "source": {
                "type": "git",
                "url": "git://github.com/fbrnc/Aoe_Scheduler.git",
                "reference": "v0.3.2"
            },
            "dist": {
                "type": "zip",
                "url": "https://github.com/fbrnc/Aoe_Scheduler/zipball/v0.3.2",
                "reference": "v0.3.2",
                "shasum": ""
            },
            "require": {
                "magento-hackathon/magento-composer-installer": "*"
            },
            "type": "magento-module",
            "license": [
                "OSL-3.0"
            ],
            "authors": [
                {
                    "name": "Fabrizio Branca",
                    "email": "mail@{firstname}-{lastname}.de"
                }
            ],
            "description": "Magento Cron Scheduler",
            "homepage": "http://www.fabrizio-branca.de/magento-cron-scheduler.html",
            "support": {
                "source": "https://github.com/fbrnc/Aoe_Scheduler/tree/v0.3.2",
                "issues": "https://github.com/fbrnc/Aoe_Scheduler/issues"
            },
            "time": "2013-03-04 07:47:59"
        },
        {
            "name": "fbrnc/Aoe_TemplateHints",
            "version": "v0.4.0",
            "source": {
                "type": "git",
                "url": "git://github.com/fbrnc/Aoe_TemplateHints.git",
                "reference": "v0.4.0"
            },
            "dist": {
                "type": "zip",
                "url": "https://github.com/fbrnc/Aoe_TemplateHints/zipball/v0.4.0",
                "reference": "v0.4.0",
                "shasum": ""
            },
            "require": {
                "magento-hackathon/magento-composer-installer": "*"
            },
            "type": "magento-module",
            "license": [
                "OSL-3.0"
            ],
            "authors": [
                {
                    "name": "Fabrizio Branca",
                    "email": "mail@{firstname}-{lastname}.de"
                }
            ],
            "description": "Advanced Template Hints for Magento",
            "homepage": "http://www.fabrizio-branca.de/magento-advanced-template-hints-20.html",
            "support": {
                "source": "https://github.com/fbrnc/Aoe_TemplateHints/tree/v0.4.0",
                "issues": "https://github.com/fbrnc/Aoe_TemplateHints/issues"
            },
            "time": "2013-05-04 05:14:34"
        },
        {
            "name": "firegento/magesetup",
            "version": "2.1.1",
            "source": {
                "type": "git",
                "url": "git://github.com/firegento/firegento-magesetup.git",
                "reference": "2.1.1"
            },
            "dist": {
                "type": "zip",
                "url": "https://github.com/firegento/firegento-magesetup/zipball/2.1.1",
                "reference": "2.1.1",
                "shasum": ""
            },
            "require": {
                "magento-hackathon/magento-composer-installer": "*"
            },
            "require-dev": {
                "ecomdev/mage-ci": "master-dev"
            },
            "type": "magento-module",
            "extra": {
                "magento-root-dir": "test/",
                "magento_connect": {
                    "name": "FireGento_MageSetup",
                    "summary": "MageSetup configures a shop for a national market. It creates configuration and tax settings, email templates, cms blocks and pages.",
                    "channel": "community",
                    "php_min": "5.3.0",
                    "php_max": "7.9.9",
                    "stability": "stable",
                    "license_uri": "http://www.gnu.org/licenses/gpl-3.0.html",
                    "content": [
                        {
                            "type": "magecommunity",
                            "structure": "dir",
                            "path": "FireGento/MageSetup"
                        },
                        {
                            "type": "mageetc",
                            "structure": "file",
                            "path": "modules/FireGento_MageSetup.xml"
                        },
                        {
                            "type": "magelocale",
                            "structure": "file",
                            "path": "de_AT/FireGento_MageSetup.csv"
                        },
                        {
                            "type": "magelocale",
                            "structure": "dir",
                            "path": "de_CH/template/magesetup"
                        },
                        {
                            "type": "magelocale",
                            "structure": "file",
                            "path": "de_DE/FireGento_MageSetup.csv"
                        },
                        {
                            "type": "magelocale",
                            "structure": "dir",
                            "path": "de_DE/template/magesetup"
                        },
                        {
                            "type": "magelocale",
                            "structure": "file",
                            "path": "en_US/FireGento_MageSetup.csv"
                        },
                        {
                            "type": "magelocale",
                            "structure": "dir",
                            "path": "en_US/template/magesetup"
                        },
                        {
                            "type": "magelocale",
                            "structure": "file",
                            "path": "ru_RU/FireGento_MageSetup.csv"
                        },
                        {
                            "type": "magelocale",
                            "structure": "dir",
                            "path": "ru_RU/template/magesetup"
                        },
                        {
                            "type": "magelocale",
                            "structure": "dir",
                            "path": "fr_CH/template/magesetup"
                        },
                        {
                            "type": "magelocale",
                            "structure": "file",
                            "path": "fr_FR/FireGento_MageSetup.csv"
                        },
                        {
                            "type": "magelocale",
                            "structure": "dir",
                            "path": "fr_FR/template/magesetup"
                        },
                        {
                            "type": "magelocale",
                            "structure": "file",
                            "path": "it_IT/FireGento_MageSetup.csv"
                        },
                        {
                            "type": "magelocale",
                            "structure": "dir",
                            "path": "it_IT/template/magesetup"
                        },
                        {
                            "type": "magedesign",
                            "structure": "file",
                            "path": "adminhtml/default/default/layout/magesetup.xml"
                        },
                        {
                            "type": "magedesign",
                            "structure": "dir",
                            "path": "adminhtml/default/default/template/magesetup"
                        },
                        {
                            "type": "magedesign",
                            "structure": "file",
                            "path": "frontend/base/default/layout/magesetup.xml"
                        },
                        {
                            "type": "magedesign",
                            "structure": "dir",
                            "path": "frontend/base/default/template/magesetup"
                        },
                        {
                            "type": "mageskin",
                            "structure": "dir",
                            "path": "frontend/base/default/css/magesetup"
                        }
                    ]
                }
            },
            "license": [
                "GPL-3.0"
            ],
            "authors": [
                {
                    "name": "Team FireGento",
                    "email": "team@firegento.com"
                }
            ],
            "description": "<p>Central features of MageSetup are:</p><ul><li>Setting of important configuration settings</li><li>Predefined tax settings and tax classes for shipping from several countries to worldwide destinations</li><li>Assign new tax classes to all products (configurable)</li><li>Creation of email templates based on the local language pack. Legal texts can be added to some templates automatically.</li><li>Creation and Activation of Checkout Agreements. Agreements can be shown at customer registration instead of or additional to the checkout. They can be required or not.</li><li>Creation of default CMS pages like imprint, terms and conditions, privacy, shipping, payment methods.</li><li>Create email templates, cms pages and blocks as well as checkout agreements for store views with a different language as well</li><li>Possibility to add tax and/or shipping info to all prices</li><li>Automatical generation of meta data to products</li><li>Saving of every status change of newsletter subscriptions</li><li>Presets are configurable via xml files for every country seperately</li><li>Many more, see the <a href=\"https://github.com/firegento/firegento-magesetup/blob/development/docs/features/features.markdown\">full list of features</a> including several screenshots.</li></ul>",
            "homepage": "https://github.com/firegento/firegento-magesetup",
            "support": {
                "source": "https://github.com/firegento/firegento-magesetup/tree/2.1.1",
                "issues": "https://github.com/firegento/firegento-magesetup/issues"
            },
            "time": "2014-01-06 15:21:37"
        },
        {
            "name": "firegento/psr0autoloader",
            "version": "dev-master",
            "source": {
                "type": "git",
                "url": "git://github.com/magento-hackathon/Magento-PSR-0-Autoloader.git",
                "reference": "3531d5e6c1482a281165a6d922a87b45649a8593"
            },
            "dist": {
                "type": "zip",
                "url": "https://github.com/magento-hackathon/Magento-PSR-0-Autoloader/zipball/3531d5e6c1482a281165a6d922a87b45649a8593",
                "reference": "3531d5e6c1482a281165a6d922a87b45649a8593",
                "shasum": ""
            },
            "require": {
                "magento-hackathon/magento-composer-installer": "*"
            },
            "require-dev": {
                "ecomdev/mage-ci": "master-dev"
            },
            "type": "magento-module",
            "license": [
                "GPL-3.0"
            ],
            "authors": [
                {
                    "name": "Michael Ryvlin"
                },
                {
                    "name": "Damian Luszczymak"
                }
            ],
            "description": "This extension adds a PSR-0 autoloader before the Varien autoloader",
            "support": {
                "source": "https://github.com/magento-hackathon/Magento-PSR-0-Autoloader/tree/master",
                "issues": "https://github.com/magento-hackathon/Magento-PSR-0-Autoloader/issues"
            },
            "time": "2014-05-10 12:51:56"
        },
        {
            "name": "jakubledl/dissect",
            "version": "v1.0.1",
            "source": {
                "type": "git",
                "url": "https://github.com/jakubledl/dissect.git",
                "reference": "d3a391de31e45a247e95cef6cf58a91c05af67c4"
            },
            "dist": {
                "type": "zip",
                "url": "https://api.github.com/repos/jakubledl/dissect/zipball/d3a391de31e45a247e95cef6cf58a91c05af67c4",
                "reference": "d3a391de31e45a247e95cef6cf58a91c05af67c4",
                "shasum": ""
            },
            "require": {
                "php": ">=5.3.3"
            },
            "require-dev": {
                "symfony/console": "~2.1"
            },
            "suggest": {
                "symfony/console": "for the command-line tool"
            },
            "bin": [
                "bin/dissect.php",
                "bin/dissect"
            ],
            "type": "library",
            "autoload": {
                "psr-0": {
                    "Dissect": [
                        "src/"
                    ]
                }
            },
            "notification-url": "https://packagist.org/downloads/",
            "license": [
                "unlicense"
            ],
            "authors": [
                {
                    "name": "Jakub Lédl",
                    "email": "jakubledl@gmail.com"
                }
            ],
            "description": "Lexing and parsing in pure PHP",
            "homepage": "https://github.com/jakubledl/dissect",
            "keywords": [
                "ast",
                "lexing",
                "parser",
                "parsing"
            ],
            "time": "2013-01-29 21:29:14"
        },
        {
            "name": "lisachenko/go-aop-php",
            "version": "0.4.3",
            "source": {
                "type": "git",
                "url": "https://github.com/lisachenko/go-aop-php.git",
                "reference": "cfa8237aed54cb7a77bfefbedc8ab365f9360b90"
            },
            "dist": {
                "type": "zip",
                "url": "https://api.github.com/repos/lisachenko/go-aop-php/zipball/cfa8237aed54cb7a77bfefbedc8ab365f9360b90",
                "reference": "cfa8237aed54cb7a77bfefbedc8ab365f9360b90",
                "shasum": ""
            },
            "require": {
                "andrewsville/php-token-reflection": "~1.3",
                "doctrine/annotations": "~1.0",
                "jakubledl/dissect": "~1.0",
                "php": ">=5.3.0"
            },
            "type": "library",
            "extra": {
                "branch-alias": {
                    "dev-master": "0.4-dev"
                }
            },
            "autoload": {
                "psr-0": {
                    "Go": "src/"
                },
                "files": [
                    "src/Go/Instrument/ClassLoading/AopComposerLoader.php"
                ]
            },
            "notification-url": "https://packagist.org/downloads/",
            "license": [
                "MIT"
            ],
            "authors": [
                {
                    "name": "Lissachenko Alexander",
                    "homepage": "https://github.com/lisachenko"
                }
            ],
            "description": "Library for aspect-oriented programming in PHP.",
            "homepage": "http://go.aopphp.com/",
            "keywords": [
                "aop",
                "aspect",
                "library",
                "php"
            ],
            "time": "2013-11-03 10:00:46"
        },
        {
            "name": "magento-hackathon/async-index",
            "version": "dev-master",
            "source": {
                "type": "git",
                "url": "https://github.com/magento-hackathon/AsyncIndex.git",
                "reference": "ef02e7092bf623e26f0a5978bdec30b971044fe8"
            },
            "dist": {
                "type": "zip",
                "url": "https://api.github.com/repos/magento-hackathon/AsyncIndex/zipball/ef02e7092bf623e26f0a5978bdec30b971044fe8",
                "reference": "ef02e7092bf623e26f0a5978bdec30b971044fe8",
                "shasum": ""
            },
            "suggest": {
                "magento-hackathon/magento-composer-installer": "*"
            },
            "type": "magento-module",
            "license": [
                "MIT"
            ],
            "authors": [
                {
                    "name": "Daniel Fahlke aka Flyingmana",
                    "email": "flyingmana@googlemail.com"
                }
            ],
            "description": "This extension allows to execute the index process asyncron",
            "support": {
                "source": "https://github.com/magento-hackathon/AsyncIndex/tree/master",
                "issues": "https://github.com/magento-hackathon/AsyncIndex/issues"
            },
            "time": "2014-05-11 12:43:21"
        },
        {
            "name": "magento-hackathon/magento-composer-installer",
            "version": "2.0.0-beta4",
            "source": {
                "type": "git",
                "url": "https://github.com/magento-hackathon/magento-composer-installer.git",
                "reference": "a4f0fe7a0360882dca0760e25ace71c70aa2062d"
            },
            "dist": {
                "type": "zip",
                "url": "https://api.github.com/repos/magento-hackathon/magento-composer-installer/zipball/a4f0fe7a0360882dca0760e25ace71c70aa2062d",
                "reference": "a4f0fe7a0360882dca0760e25ace71c70aa2062d",
                "shasum": ""
            },
            "archive": {
                "exclude": [
                    "vendor",
                    "/tests/FullStackTest/"
                ]
            },
            "require": {
                "composer-plugin-api": "1.0.0"
            },
            "require-dev": {
                "composer/composer": "*@dev",
                "mikey179/vfsstream": "*",
                "phpunit/phpunit": "*",
                "symfony/process": "*"
            },
            "suggest": {
                "magento-hackathon/composer-command-integrator": "*",
                "theseer/autoload": "~1.14",
                "zetacomponents/console-tools": "dev-master"
            },
            "type": "composer-plugin",
            "extra": {
                "composer-command-registry": [
                    "MagentoHackathon\\Composer\\Magento\\Command\\DeployCommand"
                ],
                "class": "MagentoHackathon\\Composer\\Magento\\Plugin"
            },
            "autoload": {
                "psr-0": {
                    "MagentoHackathon\\Composer\\Magento": "src/"
                }
            },
            "license": [
                "OSL-3.0"
            ],
            "authors": [
                {
                    "name": "Daniel Fahlke aka Flyingmana",
                    "email": "flyingmana@googlemail.com"
                },
                {
                    "name": "Jörg Weller",
                    "email": "weller@flagbit.de"
                },
                {
                    "name": "Karl Spies",
                    "email": "karl.spies@gmx.net"
                },
                {
                    "name": "Tobias Vogt",
                    "email": "tobi@webguys.de"
                },
                {
                    "name": "David Fuhr",
                    "email": "fuhr@flagbit.de"
                },
                {
                    "name": "Vinai Kopp",
                    "email": "vinai@netzarbeiter.com"
                }
            ],
            "description": "Composer installer for Magento modules",
            "homepage": "https://github.com/magento-hackathon/magento-composer-installer",
            "keywords": [
                "composer-installer",
                "magento"
            ],
            "support": {
                "source": "https://github.com/magento-hackathon/magento-composer-installer/tree/2.0.0-beta4",
                "issues": "https://github.com/magento-hackathon/magento-composer-installer/issues"
            },
            "time": "2014-05-10 13:36:26"
        },
        {
            "name": "theseer/autoload",
            "version": "1.14.2",
            "source": {
                "type": "git",
                "url": "https://github.com/theseer/Autoload.git",
                "reference": "2b6877e61b5909b6567926bbd1cf67984b47bd59"
            },
            "dist": {
                "type": "zip",
                "url": "https://api.github.com/repos/theseer/Autoload/zipball/2b6877e61b5909b6567926bbd1cf67984b47bd59",
                "reference": "2b6877e61b5909b6567926bbd1cf67984b47bd59",
                "shasum": ""
            },
            "require": {
                "theseer/directoryscanner": "1.3.0",
                "zetacomponents/console-tools": "dev-master"
            },
            "require-dev": {
                "phpunit/phpunit": "*",
                "squizlabs/php_codesniffer": "*"
            },
            "bin": [
                "composer/bin/phpab"
            ],
            "type": "library",
            "notification-url": "https://packagist.org/downloads/",
            "license": [
                "BSD License"
            ],
            "authors": [
                {
                    "name": "Arne Blankerts",
                    "email": "arne@blankerts.de",
                    "role": "lead"
                }
            ],
            "description": "A tool and library to generate autoload code.",
            "time": "2014-04-24 08:47:32"
        },
        {
            "name": "theseer/directoryscanner",
            "version": "1.3.0",
            "source": {
                "type": "git",
                "url": "https://github.com/theseer/DirectoryScanner.git",
                "reference": "419ead3de1270affce003a4ecf629fe9fe429439"
            },
            "dist": {
                "type": "zip",
                "url": "https://api.github.com/repos/theseer/DirectoryScanner/zipball/419ead3de1270affce003a4ecf629fe9fe429439",
                "reference": "419ead3de1270affce003a4ecf629fe9fe429439",
                "shasum": ""
            },
            "require": {
                "php": ">=5.3.1"
            },
            "type": "library",
            "extra": {
                "branch-alias": {
                    "dev-master": "1.0.x-dev"
                }
            },
            "autoload": {
                "classmap": [
                    "src/"
                ]
            },
            "notification-url": "https://packagist.org/downloads/",
            "license": [
                "BSD-2-Clause"
            ],
            "authors": [
                {
                    "name": "Arne Blankerts",
                    "email": "arne@blankerts.de",
                    "role": "Developer"
                }
            ],
            "description": "A recursive directory scanner and filter",
            "time": "2014-03-09 12:09:05"
        },
        {
            "name": "zetacomponents/base",
            "version": "1.8",
            "source": {
                "type": "git",
                "url": "https://github.com/zetacomponents/Base.git",
                "reference": "52ca69c1de55f3fa4f595779e5bc831da7ee176c"
            },
            "dist": {
                "type": "zip",
                "url": "https://api.github.com/repos/zetacomponents/Base/zipball/52ca69c1de55f3fa4f595779e5bc831da7ee176c",
                "reference": "52ca69c1de55f3fa4f595779e5bc831da7ee176c",
                "shasum": ""
            },
            "type": "library",
            "autoload": {
                "classmap": [
                    "src"
                ]
            },
            "notification-url": "https://packagist.org/downloads/",
            "license": [
                "apache2"
            ],
            "authors": [
                {
                    "name": "Sergey Alexeev"
                },
                {
                    "name": "Sebastian Bergmann"
                },
                {
                    "name": "Jan Borsodi"
                },
                {
                    "name": "Raymond Bosman"
                },
                {
                    "name": "Frederik Holljen"
                },
                {
                    "name": "Kore Nordmann"
                },
                {
                    "name": "Derick Rethans"
                },
                {
                    "name": "Vadym Savchuk"
                },
                {
                    "name": "Tobias Schlitt"
                },
                {
                    "name": "Alexandru Stanoi"
                }
            ],
            "description": "The Base package provides the basic infrastructure that all packages rely on. Therefore every component relies on this package.",
            "homepage": "https://github.com/zetacomponents",
            "time": "2009-12-21 12:14:16"
        },
        {
            "name": "zetacomponents/console-tools",
            "version": "dev-master",
            "source": {
                "type": "git",
                "url": "https://github.com/zetacomponents/ConsoleTools.git",
                "reference": "90156abef01e4215fda8b9740f77c322f126fb02"
            },
            "dist": {
                "type": "zip",
                "url": "https://api.github.com/repos/zetacomponents/ConsoleTools/zipball/90156abef01e4215fda8b9740f77c322f126fb02",
                "reference": "90156abef01e4215fda8b9740f77c322f126fb02",
                "shasum": ""
            },
            "require": {
                "zetacomponents/base": "*"
            },
            "require-dev": {
                "zetacomponents/unit-test": "*"
            },
            "type": "library",
            "autoload": {
                "classmap": [
                    "src"
                ]
            },
            "notification-url": "https://packagist.org/downloads/",
            "license": [
                "Apache-2.0"
            ],
            "authors": [
                {
                    "name": "Sergey Alexeev"
                },
                {
                    "name": "Sebastian Bergmann"
                },
                {
                    "name": "Jan Borsodi"
                },
                {
                    "name": "Raymond Bosman"
                },
                {
                    "name": "Frederik Holljen"
                },
                {
                    "name": "Kore Nordmann"
                },
                {
                    "name": "Derick Rethans"
                },
                {
                    "name": "Vadym Savchuk"
                },
                {
                    "name": "Tobias Schlitt"
                },
                {
                    "name": "Alexandru Stanoi"
                }
            ],
            "description": "A set of classes to do different actions with the console (also called shell). It can render a progress bar, tables and a status bar and contains a class for parsing command line options.",
            "homepage": "https://github.com/zetacomponents",
            "time": "2012-05-21 09:55:34"
        }
    ],
    "packages-dev": null,
    "aliases": [

    ],
    "minimum-stability": "stable",
    "stability-flags": {
        "magento-hackathon/async-index": 20,
        "magento-hackathon/magento-composer-installer": 20,
        "zetacomponents/console-tools": 20,
        "firegento/psr0autoloader": 20,
        "wizardsfugue/magento1_tests": 20,
        "composer/composer": 20
    },
    "platform": [

    ],
    "platform-dev": [

    ]
}
